
Microsoft Visual Studio Solution File, Format Version 12.00
# Visual Studio 15
VisualStudioVersion = 15.0.28010.2003
MinimumVisualStudioVersion = 10.0.40219.1
Project("{FAE04EC0-301F-11D3-BF4B-00C04F79EFBC}") = "WorkoutAppCp2.Android", "WorkoutAppCp2\WorkoutAppCp2.Android\WorkoutAppCp2.Android.csproj", "{25335E15-131F-4E34-A20A-5CFCE7393D1D}"
EndProject
Project("{FAE04EC0-301F-11D3-BF4B-00C04F79EFBC}") = "WorkoutAppCp2.iOS", "WorkoutAppCp2\WorkoutAppCp2.iOS\WorkoutAppCp2.iOS.csproj", "{527FDC5C-1E22-4C1C-9060-92DFBCB82A27}"
EndProject
Project("{FAE04EC0-301F-11D3-BF4B-00C04F79EFBC}") = "WorkoutAppCp2", "WorkoutAppCp2\WorkoutAppCp2\WorkoutAppCp2.csproj", "{00F07E6B-9B83-4DF0-9D5B-5811534747C8}"
EndProject
Global
	GlobalSection(SolutionConfigurationPlatforms) = preSolution
		Ad-Hoc|Any CPU = Ad-Hoc|Any CPU
		Ad-Hoc|iPhone = Ad-Hoc|iPhone
		Ad-Hoc|iPhoneSimulator = Ad-Hoc|iPhoneSimulator
		AppStore|Any CPU = AppStore|Any CPU
		AppStore|iPhone = AppStore|iPhone
		AppStore|iPhoneSimulator = AppStore|iPhoneSimulator
		Debug|Any CPU = Debug|Any CPU
		Debug|iPhone = Debug|iPhone
		Debug|iPhoneSimulator = Debug|iPhoneSimulator
		Release|Any CPU = Release|Any CPU
		Release|iPhone = Release|iPhone
		Release|iPhoneSimulator = Release|iPhoneSimulator
	EndGlobalSection
	GlobalSection(ProjectConfigurationPlatforms) = postSolution
		{25335E15-131F-4E34-A20A-5CFCE7393D1D}.Ad-Hoc|Any CPU.ActiveCfg = Release|Any CPU
		{25335E15-131F-4E34-A20A-5CFCE7393D1D}.Ad-Hoc|Any CPU.Build.0 = Release|Any CPU
		{25335E15-131F-4E34-A20A-5CFCE7393D1D}.Ad-Hoc|Any CPU.Deploy.0 = Release|Any CPU
		{25335E15-131F-4E34-A20A-5CFCE7393D1D}.Ad-Hoc|iPhone.ActiveCfg = Release|Any CPU
		{25335E15-131F-4E34-A20A-5CFCE7393D1D}.Ad-Hoc|iPhone.Build.0 = Release|Any CPU
		{25335E15-131F-4E34-A20A-5CFCE7393D1D}.Ad-Hoc|iPhone.Deploy.0 = Release|Any CPU
		{25335E15-131F-4E34-A20A-5CFCE7393D1D}.Ad-Hoc|iPhoneSimulator.ActiveCfg = Release|Any CPU
		{25335E15-131F-4E34-A20A-5CFCE7393D1D}.Ad-Hoc|iPhoneSimulator.Build.0 = Release|Any CPU
		{25335E15-131F-4E34-A20A-5CFCE7393D1D}.Ad-Hoc|iPhoneSimulator.Deploy.0 = Release|Any CPU
		{25335E15-131F-4E34-A20A-5CFCE7393D1D}.AppStore|Any CPU.ActiveCfg = Release|Any CPU
		{25335E15-131F-4E34-A20A-5CFCE7393D1D}.AppStore|Any CPU.Build.0 = Release|Any CPU
		{25335E15-131F-4E34-A20A-5CFCE7393D1D}.AppStore|Any CPU.Deploy.0 = Release|Any CPU
		{25335E15-131F-4E34-A20A-5CFCE7393D1D}.AppStore|iPhone.ActiveCfg = Release|Any CPU
		{25335E15-131F-4E34-A20A-5CFCE7393D1D}.AppStore|iPhone.Build.0 = Release|Any CPU
		{25335E15-131F-4E34-A20A-5CFCE7393D1D}.AppStore|iPhone.Deploy.0 = Release|Any CPU
		{25335E15-131F-4E34-A20A-5CFCE7393D1D}.AppStore|iPhoneSimulator.ActiveCfg = Release|Any CPU
		{25335E15-131F-4E34-A20A-5CFCE7393D1D}.AppStore|iPhoneSimulator.Build.0 = Release|Any CPU
		{25335E15-131F-4E34-A20A-5CFCE7393D1D}.AppStore|iPhoneSimulator.Deploy.0 = Release|Any CPU
		{25335E15-131F-4E34-A20A-5CFCE7393D1D}.Debug|Any CPU.ActiveCfg = Debug|Any CPU
		{25335E15-131F-4E34-A20A-5CFCE7393D1D}.Debug|Any CPU.Build.0 = Debug|Any CPU
		{25335E15-131F-4E34-A20A-5CFCE7393D1D}.Debug|Any CPU.Deploy.0 = Debug|Any CPU
		{25335E15-131F-4E34-A20A-5CFCE7393D1D}.Debug|iPhone.ActiveCfg = Debug|Any CPU
		{25335E15-131F-4E34-A20A-5CFCE7393D1D}.Debug|iPhone.Build.0 = Debug|Any CPU
		{25335E15-131F-4E34-A20A-5CFCE7393D1D}.Debug|iPhone.Deploy.0 = Debug|Any CPU
		{25335E15-131F-4E34-A20A-5CFCE7393D1D}.Debug|iPhoneSimulator.ActiveCfg = Debug|Any CPU
		{25335E15-131F-4E34-A20A-5CFCE7393D1D}.Debug|iPhoneSimulator.Build.0 = Debug|Any CPU
		{25335E15-131F-4E34-A20A-5CFCE7393D1D}.Debug|iPhoneSimulator.Deploy.0 = Debug|Any CPU
		{25335E15-131F-4E34-A20A-5CFCE7393D1D}.Release|Any CPU.ActiveCfg = Release|Any CPU
		{25335E15-131F-4E34-A20A-5CFCE7393D1D}.Release|Any CPU.Build.0 = Release|Any CPU
		{25335E15-131F-4E34-A20A-5CFCE7393D1D}.Release|Any CPU.Deploy.0 = Release|Any CPU
		{25335E15-131F-4E34-A20A-5CFCE7393D1D}.Release|iPhone.ActiveCfg = Release|Any CPU
		{25335E15-131F-4E34-A20A-5CFCE7393D1D}.Release|iPhone.Build.0 = Release|Any CPU
		{25335E15-131F-4E34-A20A-5CFCE7393D1D}.Release|iPhone.Deploy.0 = Release|Any CPU
		{25335E15-131F-4E34-A20A-5CFCE7393D1D}.Release|iPhoneSimulator.ActiveCfg = Release|Any CPU
		{25335E15-131F-4E34-A20A-5CFCE7393D1D}.Release|iPhoneSimulator.Build.0 = Release|Any CPU
		{25335E15-131F-4E34-A20A-5CFCE7393D1D}.Release|iPhoneSimulator.Deploy.0 = Release|Any CPU
		{527FDC5C-1E22-4C1C-9060-92DFBCB82A27}.Ad-Hoc|Any CPU.ActiveCfg = Ad-Hoc|iPhone
		{527FDC5C-1E22-4C1C-9060-92DFBCB82A27}.Ad-Hoc|Any CPU.Build.0 = Ad-Hoc|iPhone
		{527FDC5C-1E22-4C1C-9060-92DFBCB82A27}.Ad-Hoc|Any CPU.Deploy.0 = Ad-Hoc|iPhone
		{527FDC5C-1E22-4C1C-9060-92DFBCB82A27}.Ad-Hoc|iPhone.ActiveCfg = Ad-Hoc|iPhone
		{527FDC5C-1E22-4C1C-9060-92DFBCB82A27}.Ad-Hoc|iPhone.Build.0 = Ad-Hoc|iPhone
		{527FDC5C-1E22-4C1C-9060-92DFBCB82A27}.Ad-Hoc|iPhone.Deploy.0 = Ad-Hoc|iPhone
		{527FDC5C-1E22-4C1C-9060-92DFBCB82A27}.Ad-Hoc|iPhoneSimulator.ActiveCfg = Ad-Hoc|iPhoneSimulator
		{527FDC5C-1E22-4C1C-9060-92DFBCB82A27}.Ad-Hoc|iPhoneSimulator.Build.0 = Ad-Hoc|iPhoneSimulator
		{527FDC5C-1E22-4C1C-9060-92DFBCB82A27}.Ad-Hoc|iPhoneSimulator.Deploy.0 = Ad-Hoc|iPhoneSimulator
		{527FDC5C-1E22-4C1C-9060-92DFBCB82A27}.AppStore|Any CPU.ActiveCfg = AppStore|iPhone
		{527FDC5C-1E22-4C1C-9060-92DFBCB82A27}.AppStore|Any CPU.Build.0 = AppStore|iPhone
		{527FDC5C-1E22-4C1C-9060-92DFBCB82A27}.AppStore|Any CPU.Deploy.0 = AppStore|iPhone
		{527FDC5C-1E22-4C1C-9060-92DFBCB82A27}.AppStore|iPhone.ActiveCfg = AppStore|iPhone
		{527FDC5C-1E22-4C1C-9060-92DFBCB82A27}.AppStore|iPhone.Build.0 = AppStore|iPhone
		{527FDC5C-1E22-4C1C-9060-92DFBCB82A27}.AppStore|iPhone.Deploy.0 = AppStore|iPhone
		{527FDC5C-1E22-4C1C-9060-92DFBCB82A27}.AppStore|iPhoneSimulator.ActiveCfg = AppStore|iPhoneSimulator
		{527FDC5C-1E22-4C1C-9060-92DFBCB82A27}.AppStore|iPhoneSimulator.Build.0 = AppStore|iPhoneSimulator
		{527FDC5C-1E22-4C1C-9060-92DFBCB82A27}.AppStore|iPhoneSimulator.Deploy.0 = AppStore|iPhoneSimulator
		{527FDC5C-1E22-4C1C-9060-92DFBCB82A27}.Debug|Any CPU.ActiveCfg = Debug|iPhoneSimulator
		{527FDC5C-1E22-4C1C-9060-92DFBCB82A27}.Debug|Any CPU.Build.0 = Debug|iPhoneSimulator
		{527FDC5C-1E22-4C1C-9060-92DFBCB82A27}.Debug|Any CPU.Deploy.0 = Debug|iPhoneSimulator
		{527FDC5C-1E22-4C1C-9060-92DFBCB82A27}.Debug|iPhone.ActiveCfg = Debug|iPhone
		{527FDC5C-1E22-4C1C-9060-92DFBCB82A27}.Debug|iPhone.Build.0 = Debug|iPhone
		{527FDC5C-1E22-4C1C-9060-92DFBCB82A27}.Debug|iPhone.Deploy.0 = Debug|iPhone
		{527FDC5C-1E22-4C1C-9060-92DFBCB82A27}.Debug|iPhoneSimulator.ActiveCfg = Debug|iPhoneSimulator
		{527FDC5C-1E22-4C1C-9060-92DFBCB82A27}.Debug|iPhoneSimulator.Build.0 = Debug|iPhoneSimulator
		{527FDC5C-1E22-4C1C-9060-92DFBCB82A27}.Debug|iPhoneSimulator.Deploy.0 = Debug|iPhoneSimulator
		{527FDC5C-1E22-4C1C-9060-92DFBCB82A27}.Release|Any CPU.ActiveCfg = Release|iPhone
		{527FDC5C-1E22-4C1C-9060-92DFBCB82A27}.Release|Any CPU.Build.0 = Release|iPhone
		{527FDC5C-1E22-4C1C-9060-92DFBCB82A27}.Release|Any CPU.Deploy.0 = Release|iPhone
		{527FDC5C-1E22-4C1C-9060-92DFBCB82A27}.Release|iPhone.ActiveCfg = Release|iPhone
		{527FDC5C-1E22-4C1C-9060-92DFBCB82A27}.Release|iPhone.Build.0 = Release|iPhone
		{527FDC5C-1E22-4C1C-9060-92DFBCB82A27}.Release|iPhone.Deploy.0 = Release|iPhone
		{527FDC5C-1E22-4C1C-9060-92DFBCB82A27}.Release|iPhoneSimulator.ActiveCfg = Release|iPhoneSimulator
		{527FDC5C-1E22-4C1C-9060-92DFBCB82A27}.Release|iPhoneSimulator.Build.0 = Release|iPhoneSimulator
		{527FDC5C-1E22-4C1C-9060-92DFBCB82A27}.Release|iPhoneSimulator.Deploy.0 = Release|iPhoneSimulator
		{00F07E6B-9B83-4DF0-9D5B-5811534747C8}.Ad-Hoc|Any CPU.ActiveCfg = Debug|Any CPU
		{00F07E6B-9B83-4DF0-9D5B-5811534747C8}.Ad-Hoc|Any CPU.Build.0 = Debug|Any CPU
		{00F07E6B-9B83-4DF0-9D5B-5811534747C8}.Ad-Hoc|Any CPU.Deploy.0 = Debug|Any CPU
		{00F07E6B-9B83-4DF0-9D5B-5811534747C8}.Ad-Hoc|iPhone.ActiveCfg = Debug|Any CPU
		{00F07E6B-9B83-4DF0-9D5B-5811534747C8}.Ad-Hoc|iPhone.Build.0 = Debug|Any CPU
		{00F07E6B-9B83-4DF0-9D5B-5811534747C8}.Ad-Hoc|iPhone.Deploy.0 = Debug|Any CPU
		{00F07E6B-9B83-4DF0-9D5B-5811534747C8}.Ad-Hoc|iPhoneSimulator.ActiveCfg = Debug|Any CPU
		{00F07E6B-9B83-4DF0-9D5B-5811534747C8}.Ad-Hoc|iPhoneSimulator.Build.0 = Debug|Any CPU
		{00F07E6B-9B83-4DF0-9D5B-5811534747C8}.Ad-Hoc|iPhoneSimulator.Deploy.0 = Debug|Any CPU
		{00F07E6B-9B83-4DF0-9D5B-5811534747C8}.AppStore|Any CPU.ActiveCfg = Debug|Any CPU
		{00F07E6B-9B83-4DF0-9D5B-5811534747C8}.AppStore|Any CPU.Build.0 = Debug|Any CPU
		{00F07E6B-9B83-4DF0-9D5B-5811534747C8}.AppStore|Any CPU.Deploy.0 = Debug|Any CPU
		{00F07E6B-9B83-4DF0-9D5B-5811534747C8}.AppStore|iPhone.ActiveCfg = Debug|Any CPU
		{00F07E6B-9B83-4DF0-9D5B-5811534747C8}.AppStore|iPhone.Build.0 = Debug|Any CPU
		{00F07E6B-9B83-4DF0-9D5B-5811534747C8}.AppStore|iPhone.Deploy.0 = Debug|Any CPU
		{00F07E6B-9B83-4DF0-9D5B-5811534747C8}.AppStore|iPhoneSimulator.ActiveCfg = Debug|Any CPU
		{00F07E6B-9B83-4DF0-9D5B-5811534747C8}.AppStore|iPhoneSimulator.Build.0 = Debug|Any CPU
		{00F07E6B-9B83-4DF0-9D5B-5811534747C8}.AppStore|iPhoneSimulator.Deploy.0 = Debug|Any CPU
		{00F07E6B-9B83-4DF0-9D5B-5811534747C8}.Debug|Any CPU.ActiveCfg = Debug|Any CPU
		{00F07E6B-9B83-4DF0-9D5B-5811534747C8}.Debug|Any CPU.Build.0 = Debug|Any CPU
		{00F07E6B-9B83-4DF0-9D5B-5811534747C8}.Debug|Any CPU.Deploy.0 = Debug|Any CPU
		{00F07E6B-9B83-4DF0-9D5B-5811534747C8}.Debug|iPhone.ActiveCfg = Debug|Any CPU
		{00F07E6B-9B83-4DF0-9D5B-5811534747C8}.Debug|iPhone.Build.0 = Debug|Any CPU
		{00F07E6B-9B83-4DF0-9D5B-5811534747C8}.Debug|iPhone.Deploy.0 = Debug|Any CPU
		{00F07E6B-9B83-4DF0-9D5B-5811534747C8}.Debug|iPhoneSimulator.ActiveCfg = Debug|Any CPU
		{00F07E6B-9B83-4DF0-9D5B-5811534747C8}.Debug|iPhoneSimulator.Build.0 = Debug|Any CPU
		{00F07E6B-9B83-4DF0-9D5B-5811534747C8}.Debug|iPhoneSimulator.Deploy.0 = Debug|Any CPU
		{00F07E6B-9B83-4DF0-9D5B-5811534747C8}.Release|Any CPU.ActiveCfg = Release|Any CPU
		{00F07E6B-9B83-4DF0-9D5B-5811534747C8}.Release|Any CPU.Build.0 = Release|Any CPU
		{00F07E6B-9B83-4DF0-9D5B-5811534747C8}.Release|Any CPU.Deploy.0 = Release|Any CPU
		{00F07E6B-9B83-4DF0-9D5B-5811534747C8}.Release|iPhone.ActiveCfg = Release|Any CPU
		{00F07E6B-9B83-4DF0-9D5B-5811534747C8}.Release|iPhone.Build.0 = Release|Any CPU
		{00F07E6B-9B83-4DF0-9D5B-5811534747C8}.Release|iPhone.Deploy.0 = Release|Any CPU
		{00F07E6B-9B83-4DF0-9D5B-5811534747C8}.Release|iPhoneSimulator.ActiveCfg = Release|Any CPU
		{00F07E6B-9B83-4DF0-9D5B-5811534747C8}.Release|iPhoneSimulator.Build.0 = Release|Any CPU
		{00F07E6B-9B83-4DF0-9D5B-5811534747C8}.Release|iPhoneSimulator.Deploy.0 = Release|Any CPU
	EndGlobalSection
	GlobalSection(SolutionProperties) = preSolution
		HideSolutionNode = FALSE
	EndGlobalSection
	GlobalSection(ExtensibilityGlobals) = postSolution
		SolutionGuid = {CCB2A815-A0CD-402F-AD02-2DC1B1D0D0AE}
	EndGlobalSection
EndGlobal
